Microsoft Visual Studio Solution File, Format Version 12.00
# Visual Studio 2017
Project("{FAE04EC0-301F-11D3-BF4B-00C04F79EFBC}") = "ColorPicker", "ColorPicker.csproj", "{A107A15E-2B49-07B2-2218-CE2624D928C6}"
EndProject
Project("{FAE04EC0-301F-11D3-BF4B-00C04F79EFBC}") = "ColorPicker.Editor", "ColorPicker.Editor.csproj", "{4A29407F-0A26-F87D-E5ED-49406D32FB6C}"
EndProject
Global
	GlobalSection(SolutionConfigurationPlatforms) = preSolution
		Debug|Any CPU = Debug|Any CPU
		Release|Any CPU = Release|Any CPU
	EndGlobalSection
	GlobalSection(ProjectConfigurationPlatforms) = postSolution
		{A107A15E-2B49-07B2-2218-CE2624D928C6}.Debug|Any CPU.ActiveCfg = Debug|Any CPU
		{A107A15E-2B49-07B2-2218-CE2624D928C6}.Debug|Any CPU.Build.0 = Debug|Any CPU
		{A107A15E-2B49-07B2-2218-CE2624D928C6}.Release|Any CPU.ActiveCfg = Release|Any CPU
		{A107A15E-2B49-07B2-2218-CE2624D928C6}.Release|Any CPU.Build.0 = Release|Any CPU
		{4A29407F-0A26-F87D-E5ED-49406D32FB6C}.Debug|Any CPU.ActiveCfg = Debug|Any CPU
		{4A29407F-0A26-F87D-E5ED-49406D32FB6C}.Debug|Any CPU.Build.0 = Debug|Any CPU
		{4A29407F-0A26-F87D-E5ED-49406D32FB6C}.Release|Any CPU.ActiveCfg = Release|Any CPU
		{4A29407F-0A26-F87D-E5ED-49406D32FB6C}.Release|Any CPU.Build.0 = Release|Any CPU
	EndGlobalSection
EndGlobal
